// !$*UTF8*$!
{
	archiveVersion = 1;
	classes = {
	};
	objectVersion = 56;
	objects = {

/* Begin PBXBuildFile section */
		153A06752C45A3FF00E3B646 /* Recipe_FinderApp.swift in Sources */ = {isa = PBXBuildFile; fileRef = 153A06742C45A3FF00E3B646 /* Recipe_FinderApp.swift */; };
		153A06772C45A3FF00E3B646 /* ContentView.swift in Sources */ = {isa = PBXBuildFile; fileRef = 153A06762C45A3FF00E3B646 /* ContentView.swift */; };
		153A06792C45A40000E3B646 /* Assets.xcassets in Resources */ = {isa = PBXBuildFile; fileRef = 153A06782C45A40000E3B646 /* Assets.xcassets */; };
		153A067C2C45A40000E3B646 /* Preview Assets.xcassets in Resources */ = {isa = PBXBuildFile; fileRef = 153A067B2C45A40000E3B646 /* Preview Assets.xcassets */; };
		153A067E2C45A40000E3B646 /* Persistence.swift in Sources */ = {isa = PBXBuildFile; fileRef = 153A067D2C45A40000E3B646 /* Persistence.swift */; };
		153A06812C45A40000E3B646 /* Recipe_Finder.xcdatamodeld in Sources */ = {isa = PBXBuildFile; fileRef = 153A067F2C45A40000E3B646 /* Recipe_Finder.xcdatamodeld */; };
		153A068B2C45A40000E3B646 /* Recipe_FinderTests.swift in Sources */ = {isa = PBXBuildFile; fileRef = 153A068A2C45A40000E3B646 /* Recipe_FinderTests.swift */; };
		153A06952C45A40000E3B646 /* Recipe_FinderUITests.swift in Sources */ = {isa = PBXBuildFile; fileRef = 153A06942C45A40000E3B646 /* Recipe_FinderUITests.swift */; };
		153A06972C45A40000E3B646 /* Recipe_FinderUITestsLaunchTests.swift in Sources */ = {isa = PBXBuildFile; fileRef = 153A06962C45A40000E3B646 /* Recipe_FinderUITestsLaunchTests.swift */; };
/* End PBXBuildFile section */

/* Begin PBXContainerItemProxy section */
		153A06872C45A40000E3B646 /* PBXContainerItemProxy */ = {
			isa = PBXContainerItemProxy;
			containerPortal = 153A06692C45A3FF00E3B646 /* Project object */;
			proxyType = 1;
			remoteGlobalIDString = 153A06702C45A3FF00E3B646;
			remoteInfo = "Recipe Finder";
		};
		153A06912C45A40000E3B646 /* PBXContainerItemProxy */ = {
			isa = PBXContainerItemProxy;
			containerPortal = 153A06692C45A3FF00E3B646 /* Project object */;
			proxyType = 1;
			remoteGlobalIDString = 153A06702C45A3FF00E3B646;
			remoteInfo = "Recipe Finder";
		};
/* End PBXContainerItemProxy section */

/* Begin PBXFileReference section */
		153A06712C45A3FF00E3B646 /* Recipe Finder.app */ = {isa = PBXFileReference; explicitFileType = wrapper.application; includeInIndex = 0; path = "Recipe Finder.app"; sourceTree = BUILT_PRODUCTS_DIR; };
		153A06742C45A3FF00E3B646 /* Recipe_FinderApp.swift */ = {isa = PBXFileReference; lastKnownFileType = sourcecode.swift; path = Recipe_FinderApp.swift; sourceTree = "<group>"; };
		153A06762C45A3FF00E3B646 /* ContentView.swift */ = {isa = PBXFileReference; lastKnownFileType = sourcecode.swift; path = ContentView.swift; sourceTree = "<group>"; };
		153A06782C45A40000E3B646 /* Assets.xcassets */ = {isa = PBXFileReference; lastKnownFileType = folder.assetcatalog; path = Assets.xcassets; sourceTree = "<group>"; };
		153A067B2C45A40000E3B646 /* Preview Assets.xcassets */ = {isa = PBXFileReference; lastKnownFileType = folder.assetcatalog; path = "Preview Assets.xcassets"; sourceTree = "<group>"; };
		153A067D2C45A40000E3B646 /* Persistence.swift */ = {isa = PBXFileReference; lastKnownFileType = sourcecode.swift; path = Persistence.swift; sourceTree = "<group>"; };
		153A06802C45A40000E3B646 /* Recipe_Finder.xcdatamodel */ = {isa = PBXFileReference; lastKnownFileType = wrapper.xcdatamodel; path = Recipe_Finder.xcdatamodel; sourceTree = "<group>"; };
		153A06862C45A40000E3B646 /* Recipe FinderTests.xctest */ = {isa = PBXFileReference; explicitFileType = wrapper.cfbundle; includeInIndex = 0; path = "Recipe FinderTests.xctest"; sourceTree = BUILT_PRODUCTS_DIR; };
		153A068A2C45A40000E3B646 /* Recipe_FinderTests.swift */ = {isa = PBXFileReference; lastKnownFileType = sourcecode.swift; path = Recipe_FinderTests.swift; sourceTree = "<group>"; };
		153A06902C45A40000E3B646 /* Recipe FinderUITests.xctest */ = {isa = PBXFileReference; explicitFileType = wrapper.cfbundle; includeInIndex = 0; path = "Recipe FinderUITests.xctest"; sourceTree = BUILT_PRODUCTS_DIR; };
		153A06942C45A40000E3B646 /* Recipe_FinderUITests.swift */ = {isa = PBXFileReference; lastKnownFileType = sourcecode.swift; path = Recipe_FinderUITests.swift; sourceTree = "<group>"; };
		153A06962C45A40000E3B646 /* Recipe_FinderUITestsLaunchTests.swift */ = {isa = PBXFileReference; lastKnownFileType = sourcecode.swift; path = Recipe_FinderUITestsLaunchTests.swift; sourceTree = "<group>"; };
/* End PBXFileReference section */

/* Begin PBXFrameworksBuildPhase section */
		153A066E2C45A3FF00E3B646 /* Frameworks */ = {
			isa = PBXFrameworksBuildPhase;
			buildActionMask = 2147483647;
			files = (
			);
			runOnlyForDeploymentPostprocessing = 0;
		};
		153A06832C45A40000E3B646 /* Frameworks */ = {
			isa = PBXFrameworksBuildPhase;
			buildActionMask = 2147483647;
			files = (
			);
			runOnlyForDeploymentPostprocessing = 0;
		};
		153A068D2C45A40000E3B646 /* Frameworks */ = {
			isa = PBXFrameworksBuildPhase;
			buildActionMask = 2147483647;
			files = (
			);
			runOnlyForDeploymentPostprocessing = 0;
		};
/* End PBXFrameworksBuildPhase section */

/* Begin PBXGroup section */
		153A06682C45A3FF00E3B646 = {
			isa = PBXGroup;
			children = (
				153A06732C45A3FF00E3B646 /* Recipe Finder */,
				153A06892C45A40000E3B646 /* Recipe FinderTests */,
				153A06932C45A40000E3B646 /* Recipe FinderUITests */,
				153A06722C45A3FF00E3B646 /* Products */,
			);
			sourceTree = "<group>";
		};
		153A06722C45A3FF00E3B646 /* Products */ = {
			isa = PBXGroup;
			children = (
				153A06712C45A3FF00E3B646 /* Recipe Finder.app */,
				153A06862C45A40000E3B646 /* Recipe FinderTests.xctest */,
				153A06902C45A40000E3B646 /* Recipe FinderUITests.xctest */,
			);
			name = Products;
			sourceTree = "<group>";
		};
		153A06732C45A3FF00E3B646 /* Recipe Finder */ = {
			isa = PBXGroup;
			children = (
				153A06742C45A3FF00E3B646 /* Recipe_FinderApp.swift */,
				153A06762C45A3FF00E3B646 /* ContentView.swift */,
				153A06782C45A40000E3B646 /* Assets.xcassets */,
				153A067D2C45A40000E3B646 /* Persistence.swift */,
				153A067F2C45A40000E3B646 /* Recipe_Finder.xcdatamodeld */,
				153A067A2C45A40000E3B646 /* Preview Content */,
			);
			path = "Recipe Finder";
			sourceTree = "<group>";
		};
		153A067A2C45A40000E3B646 /* Preview Content */ = {
			isa = PBXGroup;
			children = (
				153A067B2C45A40000E3B646 /* Preview Assets.xcassets */,
			);
			path = "Preview Content";
			sourceTree = "<group>";
		};
		153A06892C45A40000E3B646 /* Recipe FinderTests */ = {
			isa = PBXGroup;
			children = (
				153A068A2C45A40000E3B646 /* Recipe_FinderTests.swift */,
			);
			path = "Recipe FinderTests";
			sourceTree = "<group>";
		};
		153A06932C45A40000E3B646 /* Recipe FinderUITests */ = {
			isa = PBXGroup;
			children = (
				153A06942C45A40000E3B646 /* Recipe_FinderUITests.swift */,
				153A06962C45A40000E3B646 /* Recipe_FinderUITestsLaunchTests.swift */,
			);
			path = "Recipe FinderUITests";
			sourceTree = "<group>";
		};
/* End PBXGroup section */

/* Begin PBXNativeTarget section */
		153A06702C45A3FF00E3B646 /* Recipe Finder */ = {
			isa = PBXNativeTarget;
			buildConfigurationList = 153A069A2C45A40000E3B646 /* Build configuration list for PBXNativeTarget "Recipe Finder" */;
			buildPhases = (
				153A066D2C45A3FF00E3B646 /* Sources */,
				153A066E2C45A3FF00E3B646 /* Frameworks */,
				153A066F2C45A3FF00E3B646 /* Resources */,
			);
			buildRules = (
			);
			dependencies = (
			);
			name = "Recipe Finder";
			productName = "Recipe Finder";
			productReference = 153A06712C45A3FF00E3B646 /* Recipe Finder.app */;
			productType = "com.apple.product-type.application";
		};
		153A06852C45A40000E3B646 /* Recipe FinderTests */ = {
			isa = PBXNativeTarget;
			buildConfigurationList = 153A069D2C45A40000E3B646 /* Build configuration list for PBXNativeTarget "Recipe FinderTests" */;
			buildPhases = (
				153A06822C45A40000E3B646 /* Sources */,
				153A06832C45A40000E3B646 /* Frameworks */,
				153A06842C45A40000E3B646 /* Resources */,
			);
			buildRules = (
			);
			dependencies = (
				153A06882C45A40000E3B646 /* PBXTargetDependency */,
			);
			name = "Recipe FinderTests";
			productName = "Recipe FinderTests";
			productReference = 153A06862C45A40000E3B646 /* Recipe FinderTests.xctest */;
			productType = "com.apple.product-type.bundle.unit-test";
		};
		153A068F2C45A40000E3B646 /* Recipe FinderUITests */ = {
			isa = PBXNativeTarget;
			buildConfigurationList = 153A06A02C45A40000E3B646 /* Build configuration list for PBXNativeTarget "Recipe FinderUITests" */;
			buildPhases = (
				153A068C2C45A40000E3B646 /* Sources */,
				153A068D2C45A40000E3B646 /* Frameworks */,
				153A068E2C45A40000E3B646 /* Resources */,
			);
			buildRules = (
			);
			dependencies = (
				153A06922C45A40000E3B646 /* PBXTargetDependency */,
			);
			name = "Recipe FinderUITests";
			productName = "Recipe FinderUITests";
			productReference = 153A06902C45A40000E3B646 /* Recipe FinderUITests.xctest */;
			productType = "com.apple.product-type.bundle.ui-testing";
		};
/* End PBXNativeTarget section */

/* Begin PBXProject section */
		153A06692C45A3FF00E3B646 /* Project object */ = {
			isa = PBXProject;
			attributes = {
				BuildIndependentTargetsInParallel = 1;
				LastSwiftUpdateCheck = 1540;
				LastUpgradeCheck = 1540;
				TargetAttributes = {
					153A06702C45A3FF00E3B646 = {
						CreatedOnToolsVersion = 15.4;
					};
					153A06852C45A40000E3B646 = {
						CreatedOnToolsVersion = 15.4;
						TestTargetID = 153A06702C45A3FF00E3B646;
					};
					153A068F2C45A40000E3B646 = {
						CreatedOnToolsVersion = 15.4;
						TestTargetID = 153A06702C45A3FF00E3B646;
					};
				};
			};
			buildConfigurationList = 153A066C2C45A3FF00E3B646 /* Build configuration list for PBXProject "Recipe Finder" */;
			compatibilityVersion = "Xcode 14.0";
			developmentRegion = en;
			hasScannedForEncodings = 0;
			knownRegions = (
				en,
				Base,
			);
			mainGroup = 153A06682C45A3FF00E3B646;
			productRefGroup = 153A06722C45A3FF00E3B646 /* Products */;
			projectDirPath = "";
			projectRoot = "";
			targets = (
				153A06702C45A3FF00E3B646 /* Recipe Finder */,
				153A06852C45A40000E3B646 /* Recipe FinderTests */,
				153A068F2C45A40000E3B646 /* Recipe FinderUITests */,
			);
		};
/* End PBXProject section */

/* Begin PBXResourcesBuildPhase section */
		153A066F2C45A3FF00E3B646 /* Resources */ = {
			isa = PBXResourcesBuildPhase;
			buildActionMask = 2147483647;
			files = (
				153A067C2C45A40000E3B646 /* Preview Assets.xcassets in Resources */,
				153A06792C45A40000E3B646 /* Assets.xcassets in Resources */,
			);
			runOnlyForDeploymentPostprocessing = 0;
		};
		153A06842C45A40000E3B646 /* Resources */ = {
			isa = PBXResourcesBuildPhase;
			buildActionMask = 2147483647;
			files = (
			);
			runOnlyForDeploymentPostprocessing = 0;
		};
		153A068E2C45A40000E3B646 /* Resources */ = {
			isa = PBXResourcesBuildPhase;
			buildActionMask = 2147483647;
			files = (
			);
			runOnlyForDeploymentPostprocessing = 0;
		};
/* End PBXResourcesBuildPhase section */

/* Begin PBXSourcesBuildPhase section */
		153A066D2C45A3FF00E3B646 /* Sources */ = {
			isa = PBXSourcesBuildPhase;
			buildActionMask = 2147483647;
			files = (
				153A067E2C45A40000E3B646 /* Persistence.swift in Sources */,
				153A06812C45A40000E3B646 /* Recipe_Finder.xcdatamodeld in Sources */,
				153A06772C45A3FF00E3B646 /* ContentView.swift in Sources */,
				153A06752C45A3FF00E3B646 /* Recipe_FinderApp.swift in Sources */,
			);
			runOnlyForDeploymentPostprocessing = 0;
		};
		153A06822C45A40000E3B646 /* Sources */ = {
			isa = PBXSourcesBuildPhase;
			buildActionMask = 2147483647;
			files = (
				153A068B2C45A40000E3B646 /* Recipe_FinderTests.swift in Sources */,
			);
			runOnlyForDeploymentPostprocessing = 0;
		};
		153A068C2C45A40000E3B646 /* Sources */ = {
			isa = PBXSourcesBuildPhase;
			buildActionMask = 2147483647;
			files = (
				153A06972C45A40000E3B646 /* Recipe_FinderUITestsLaunchTests.swift in Sources */,
				153A06952C45A40000E3B646 /* Recipe_FinderUITests.swift in Sources */,
			);
			runOnlyForDeploymentPostprocessing = 0;
		};
/* End PBXSourcesBuildPhase section */

/* Begin PBXTargetDependency section */
		153A06882C45A40000E3B646 /* PBXTargetDependency */ = {
			isa = PBXTargetDependency;
			target = 153A06702C45A3FF00E3B646 /* Recipe Finder */;
			targetProxy = 153A06872C45A40000E3B646 /* PBXContainerItemProxy */;
		};
		153A06922C45A40000E3B646 /* PBXTargetDependency */ = {
			isa = PBXTargetDependency;
			target = 153A06702C45A3FF00E3B646 /* Recipe Finder */;
			targetProxy = 153A06912C45A40000E3B646 /* PBXContainerItemProxy */;
		};
/* End PBXTargetDependency section */

/* Begin XCBuildConfiguration section */
		153A06982C45A40000E3B646 /* Debug */ = {
			isa = XCBuildConfiguration;
			buildSettings = {
				ALWAYS_SEARCH_USER_PATHS = NO;
				ASSETCATALOG_COMPILER_GENERATE_SWIFT_ASSET_SYMBOL_EXTENSIONS = YES;
				CLANG_ANALYZER_NONNULL = YES;
				CLANG_ANALYZER_NUMBER_OBJECT_CONVERSION = YES_AGGRESSIVE;
				CLANG_CXX_LANGUAGE_STANDARD = "gnu++20";
				CLANG_ENABLE_MODULES = YES;
				CLANG_ENABLE_OBJC_ARC = YES;
				CLANG_ENABLE_OBJC_WEAK = YES;
				CLANG_WARN_BLOCK_CAPTURE_AUTORELEASING = YES;
				CLANG_WARN_BOOL_CONVERSION = YES;
				CLANG_WARN_COMMA = YES;
				CLANG_WARN_CONSTANT_CONVERSION = YES;
				CLANG_WARN_DEPRECATED_OBJC_IMPLEMENTATIONS = YES;
				CLANG_WARN_DIRECT_OBJC_ISA_USAGE = YES_ERROR;
				CLANG_WARN_DOCUMENTATION_COMMENTS = YES;
				CLANG_WARN_EMPTY_BODY = YES;
				CLANG_WARN_ENUM_CONVERSION = YES;
				CLANG_WARN_INFINITE_RECURSION = YES;
				CLANG_WARN_INT_CONVERSION = YES;
				CLANG_WARN_NON_LITERAL_NULL_CONVERSION = YES;
				CLANG_WARN_OBJC_IMPLICIT_RETAIN_SELF = YES;
				CLANG_WARN_OBJC_LITERAL_CONVERSION = YES;
				CLANG_WARN_OBJC_ROOT_CLASS = YES_ERROR;
				CLANG_WARN_QUOTED_INCLUDE_IN_FRAMEWORK_HEADER = YES;
				CLANG_WARN_RANGE_LOOP_ANALYSIS = YES;
				CLANG_WARN_STRICT_PROTOTYPES = YES;
				CLANG_WARN_SUSPICIOUS_MOVE = YES;
				CLANG_WARN_UNGUARDED_AVAILABILITY = YES_AGGRESSIVE;
				CLANG_WARN_UNREACHABLE_CODE = YES;
				CLANG_WARN__DUPLICATE_METHOD_MATCH = YES;
				COPY_PHASE_STRIP = NO;
				DEBUG_INFORMATION_FORMAT = dwarf;
				ENABLE_STRICT_OBJC_MSGSEND = YES;
				ENABLE_TESTABILITY = YES;
				ENABLE_USER_SCRIPT_SANDBOXING = YES;
				GCC_C_LANGUAGE_STANDARD = gnu17;
				GCC_DYNAMIC_NO_PIC = NO;
				GCC_NO_COMMON_BLOCKS = YES;
				GCC_OPTIMIZATION_LEVEL = 0;
				GCC_PREPROCESSOR_DEFINITIONS = (
					"DEBUG=1",
					"$(inherited)",
				);
				GCC_WARN_64_TO_32_BIT_CONVERSION = YES;
				GCC_WARN_ABOUT_RETURN_TYPE = YES_ERROR;
				GCC_WARN_UNDECLARED_SELECTOR = YES;
				GCC_WARN_UNINITIALIZED_AUTOS = YES_AGGRESSIVE;
				GCC_WARN_UNUSED_FUNCTION = YES;
				GCC_WARN_UNUSED_VARIABLE = YES;
				IPHONEOS_DEPLOYMENT_TARGET = 17.5;
				LOCALIZATION_PREFERS_STRING_CATALOGS = YES;
				MTL_ENABLE_DEBUG_INFO = INCLUDE_SOURCE;
				MTL_FAST_MATH = YES;
				ONLY_ACTIVE_ARCH = YES;
				SDKROOT = iphoneos;
				SWIFT_ACTIVE_COMPILATION_CONDITIONS = "DEBUG $(inherited)";
				SWIFT_OPTIMIZATION_LEVEL = "-Onone";
			};
			name = Debug;
		};
		153A06992C45A40000E3B646 /* Release */ = {
			isa = XCBuildConfiguration;
			buildSettings = {
				ALWAYS_SEARCH_USER_PATHS = NO;
				ASSETCATALOG_COMPILER_GENERATE_SWIFT_ASSET_SYMBOL_EXTENSIONS = YES;
				CLANG_ANALYZER_NONNULL = YES;
				CLANG_ANALYZER_NUMBER_OBJECT_CONVERSION = YES_AGGRESSIVE;
				CLANG_CXX_LANGUAGE_STANDARD = "gnu++20";
				CLANG_ENABLE_MODULES = YES;
				CLANG_ENABLE_OBJC_ARC = YES;
				CLANG_ENABLE_OBJC_WEAK = YES;
				CLANG_WARN_BLOCK_CAPTURE_AUTORELEASING = YES;
				CLANG_WARN_BOOL_CONVERSION = YES;
				CLANG_WARN_COMMA = YES;
				CLANG_WARN_CONSTANT_CONVERSION = YES;
				CLANG_WARN_DEPRECATED_OBJC_IMPLEMENTATIONS = YES;
				CLANG_WARN_DIRECT_OBJC_ISA_USAGE = YES_ERROR;
				CLANG_WARN_DOCUMENTATION_COMMENTS = YES;
				CLANG_WARN_EMPTY_BODY = YES;
				CLANG_WARN_ENUM_CONVERSION = YES;
				CLANG_WARN_INFINITE_RECURSION = YES;
				CLANG_WARN_INT_CONVERSION = YES;
				CLANG_WARN_NON_LITERAL_NULL_CONVERSION = YES;
				CLANG_WARN_OBJC_IMPLICIT_RETAIN_SELF = YES;
				CLANG_WARN_OBJC_LITERAL_CONVERSION = YES;
				CLANG_WARN_OBJC_ROOT_CLASS = YES_ERROR;
				CLANG_WARN_QUOTED_INCLUDE_IN_FRAMEWORK_HEADER = YES;
				CLANG_WARN_RANGE_LOOP_ANALYSIS = YES;
				CLANG_WARN_STRICT_PROTOTYPES = YES;
				CLANG_WARN_SUSPICIOUS_MOVE = YES;
				CLANG_WARN_UNGUARDED_AVAILABILITY = YES_AGGRESSIVE;
				CLANG_WARN_UNREACHABLE_CODE = YES;
				CLANG_WARN__DUPLICATE_METHOD_MATCH = YES;
				COPY_PHASE_STRIP = NO;
				DEBUG_INFORMATION_FORMAT = "dwarf-with-dsym";
				ENABLE_NS_ASSERTIONS = NO;
				ENABLE_STRICT_OBJC_MSGSEND = YES;
				ENABLE_USER_SCRIPT_SANDBOXING = YES;
				GCC_C_LANGUAGE_STANDARD = gnu17;
				GCC_NO_COMMON_BLOCKS = YES;
				GCC_WARN_64_TO_32_BIT_CONVERSION = YES;
				GCC_WARN_ABOUT_RETURN_TYPE = YES_ERROR;
				GCC_WARN_UNDECLARED_SELECTOR = YES;
				GCC_WARN_UNINITIALIZED_AUTOS = YES_AGGRESSIVE;
				GCC_WARN_UNUSED_FUNCTION = YES;
				GCC_WARN_UNUSED_VARIABLE = YES;
				IPHONEOS_DEPLOYMENT_TARGET = 17.5;
				LOCALIZATION_PREFERS_STRING_CATALOGS = YES;
				MTL_ENABLE_DEBUG_INFO = NO;
				MTL_FAST_MATH = YES;
				SDKROOT = iphoneos;
				SWIFT_COMPILATION_MODE = wholemodule;
				VALIDATE_PRODUCT = YES;
			};
			name = Release;
		};
		153A069B2C45A40000E3B646 /* Debug */ = {
			isa = XCBuildConfiguration;
			buildSettings = {
				ASSETCATALOG_COMPILER_APPICON_NAME = AppIcon;
				ASSETCATALOG_COMPILER_GLOBAL_ACCENT_COLOR_NAME = AccentColor;
				CODE_SIGN_STYLE = Automatic;
				CURRENT_PROJECT_VERSION = 1;
				DEVELOPMENT_ASSET_PATHS = "\"Recipe Finder/Preview Content\"";
				DEVELOPMENT_TEAM = KABUJ4QU3F;
				ENABLE_PREVIEWS = YES;
				GENERATE_INFOPLIST_FILE = YES;
				INFOPLIST_KEY_UIApplicationSceneManifest_Generation = YES;
				INFOPLIST_KEY_UIApplicationSupportsIndirectInputEvents = YES;
				INFOPLIST_KEY_UILaunchScreen_Generation = YES;
				INFOPLIST_KEY_UISupportedInterfaceOrientations_iPad = "UIInterfaceOrientationPortrait UIInterfaceOrientationPortraitUpsideDown UIInterfaceOrientationLandscapeLeft UIInterfaceOrientationLandscapeRight";
				INFOPLIST_KEY_UISupportedInterfaceOrientations_iPhone = "UIInterfaceOrientationPortrait UIInterfaceOrientationLandscapeLeft UIInterfaceOrientationLandscapeRight";
				LD_RUNPATH_SEARCH_PATHS = (
					"$(inherited)",
					"@executable_path/Frameworks",
				);
				MARKETING_VERSION = 1.0;
				PRODUCT_BUNDLE_IDENTIFIER = "nag.Recipe-Finder";
				PRODUCT_NAME = "$(TARGET_NAME)";
				SWIFT_EMIT_LOC_STRINGS = YES;
				SWIFT_VERSION = 5.0;
				TARGETED_DEVICE_FAMILY = "1,2";
			};
			name = Debug;
		};
		153A069C2C45A40000E3B646 /* Release */ = {
			isa = XCBuildConfiguration;
			buildSettings = {
				ASSETCATALOG_COMPILER_APPICON_NAME = AppIcon;
				ASSETCATALOG_COMPILER_GLOBAL_ACCENT_COLOR_NAME = AccentColor;
				CODE_SIGN_STYLE = Automatic;
				CURRENT_PROJECT_VERSION = 1;
				DEVELOPMENT_ASSET_PATHS = "\"Recipe Finder/Preview Content\"";
				DEVELOPMENT_TEAM = KABUJ4QU3F;
				ENABLE_PREVIEWS = YES;
				GENERATE_INFOPLIST_FILE = YES;
				INFOPLIST_KEY_UIApplicationSceneManifest_Generation = YES;
				INFOPLIST_KEY_UIApplicationSupportsIndirectInputEvents = YES;
				INFOPLIST_KEY_UILaunchScreen_Generation = YES;
				INFOPLIST_KEY_UISupportedInterfaceOrientations_iPad = "UIInterfaceOrientationPortrait UIInterfaceOrientationPortraitUpsideDown UIInterfaceOrientationLandscapeLeft UIInterfaceOrientationLandscapeRight";
				INFOPLIST_KEY_UISupportedInterfaceOrientations_iPhone = "UIInterfaceOrientationPortrait UIInterfaceOrientationLandscapeLeft UIInterfaceOrientationLandscapeRight";
				LD_RUNPATH_SEARCH_PATHS = (
					"$(inherited)",
					"@executable_path/Frameworks",
				);
				MARKETING_VERSION = 1.0;
				PRODUCT_BUNDLE_IDENTIFIER = "nag.Recipe-Finder";
				PRODUCT_NAME = "$(TARGET_NAME)";
				SWIFT_EMIT_LOC_STRINGS = YES;
				SWIFT_VERSION = 5.0;
				TARGETED_DEVICE_FAMILY = "1,2";
			};
			name = Release;
		};
		153A069E2C45A40000E3B646 /* Debug */ = {
			isa = XCBuildConfiguration;
			buildSettings = {
				ALWAYS_EMBED_SWIFT_STANDARD_LIBRARIES = YES;
				BUNDLE_LOADER = "$(TEST_HOST)";
				CODE_SIGN_STYLE = Automatic;
				CURRENT_PROJECT_VERSION = 1;
				DEVELOPMENT_TEAM = KABUJ4QU3F;
				GENERATE_INFOPLIST_FILE = YES;
				IPHONEOS_DEPLOYMENT_TARGET = 17.5;
				MARKETING_VERSION = 1.0;
				PRODUCT_BUNDLE_IDENTIFIER = "nag.Recipe-FinderTests";
				PRODUCT_NAME = "$(TARGET_NAME)";
				SWIFT_EMIT_LOC_STRINGS = NO;
				SWIFT_VERSION = 5.0;
				TARGETED_DEVICE_FAMILY = "1,2";
				TEST_HOST = "$(BUILT_PRODUCTS_DIR)/Recipe Finder.app/$(BUNDLE_EXECUTABLE_FOLDER_PATH)/Recipe Finder";
			};
			name = Debug;
		};
		153A069F2C45A40000E3B646 /* Release */ = {
			isa = XCBuildConfiguration;
			buildSettings = {
				ALWAYS_EMBED_SWIFT_STANDARD_LIBRARIES = YES;
				BUNDLE_LOADER = "$(TEST_HOST)";
				CODE_SIGN_STYLE = Automatic;
				CURRENT_PROJECT_VERSION = 1;
				DEVELOPMENT_TEAM = KABUJ4QU3F;
				GENERATE_INFOPLIST_FILE = YES;
				IPHONEOS_DEPLOYMENT_TARGET = 17.5;
				MARKETING_VERSION = 1.0;
				PRODUCT_BUNDLE_IDENTIFIER = "nag.Recipe-FinderTests";
				PRODUCT_NAME = "$(TARGET_NAME)";
				SWIFT_EMIT_LOC_STRINGS = NO;
				SWIFT_VERSION = 5.0;
				TARGETED_DEVICE_FAMILY = "1,2";
				TEST_HOST = "$(BUILT_PRODUCTS_DIR)/Recipe Finder.app/$(BUNDLE_EXECUTABLE_FOLDER_PATH)/Recipe Finder";
			};
			name = Release;
		};
		153A06A12C45A40000E3B646 /* Debug */ = {
			isa = XCBuildConfiguration;
			buildSettings = {
				ALWAYS_EMBED_SWIFT_STANDARD_LIBRARIES = YES;
				CODE_SIGN_STYLE = Automatic;
				CURRENT_PROJECT_VERSION = 1;
				DEVELOPMENT_TEAM = KABUJ4QU3F;
				GENERATE_INFOPLIST_FILE = YES;
				MARKETING_VERSION = 1.0;
				PRODUCT_BUNDLE_IDENTIFIER = "nag.Recipe-FinderUITests";
				PRODUCT_NAME = "$(TARGET_NAME)";
				SWIFT_EMIT_LOC_STRINGS = NO;
				SWIFT_VERSION = 5.0;
				TARGETED_DEVICE_FAMILY = "1,2";
				TEST_TARGET_NAME = "Recipe Finder";
			};
			name = Debug;
		};
		153A06A22C45A40000E3B646 /* Release */ = {
			isa = XCBuildConfiguration;
			buildSettings = {
				ALWAYS_EMBED_SWIFT_STANDARD_LIBRARIES = YES;
				CODE_SIGN_STYLE = Automatic;
				CURRENT_PROJECT_VERSION = 1;
				DEVELOPMENT_TEAM = KABUJ4QU3F;
				GENERATE_INFOPLIST_FILE = YES;
				MARKETING_VERSION = 1.0;
				PRODUCT_BUNDLE_IDENTIFIER = "nag.Recipe-FinderUITests";
				PRODUCT_NAME = "$(TARGET_NAME)";
				SWIFT_EMIT_LOC_STRINGS = NO;
				SWIFT_VERSION = 5.0;
				TARGETED_DEVICE_FAMILY = "1,2";
				TEST_TARGET_NAME = "Recipe Finder";
			};
			name = Release;
		};
/* End XCBuildConfiguration section */

/* Begin XCConfigurationList section */
		153A066C2C45A3FF00E3B646 /* Build configuration list for PBXProject "Recipe Finder" */ = {
			isa = XCConfigurationList;
			buildConfigurations = (
				153A06982C45A40000E3B646 /* Debug */,
				153A06992C45A40000E3B646 /* Release */,
			);
			defaultConfigurationIsVisible = 0;
			defaultConfigurationName = Release;
		};
		153A069A2C45A40000E3B646 /* Build configuration list for PBXNativeTarget "Recipe Finder" */ = {
			isa = XCConfigurationList;
			buildConfigurations = (
				153A069B2C45A40000E3B646 /* Debug */,
				153A069C2C45A40000E3B646 /* Release */,
			);
			defaultConfigurationIsVisible = 0;
			defaultConfigurationName = Release;
		};
		153A069D2C45A40000E3B646 /* Build configuration list for PBXNativeTarget "Recipe FinderTests" */ = {
			isa = XCConfigurationList;
			buildConfigurations = (
				153A069E2C45A40000E3B646 /* Debug */,
				153A069F2C45A40000E3B646 /* Release */,
			);
			defaultConfigurationIsVisible = 0;
			defaultConfigurationName = Release;
		};
		153A06A02C45A40000E3B646 /* Build configuration list for PBXNativeTarget "Recipe FinderUITests" */ = {
			isa = XCConfigurationList;
			buildConfigurations = (
				153A06A12C45A40000E3B646 /* Debug */,
				153A06A22C45A40000E3B646 /* Release */,
			);
			defaultConfigurationIsVisible = 0;
			defaultConfigurationName = Release;
		};
/* End XCConfigurationList section */

/* Begin XCVersionGroup section */
		153A067F2C45A40000E3B646 /* Recipe_Finder.xcdatamodeld */ = {
			isa = XCVersionGroup;
			children = (
				153A06802C45A40000E3B646 /* Recipe_Finder.xcdatamodel */,
			);
			currentVersion = 153A06802C45A40000E3B646 /* Recipe_Finder.xcdatamodel */;
			path = Recipe_Finder.xcdatamodeld;
			sourceTree = "<group>";
			versionGroupType = wrapper.xcdatamodel;
		};
/* End XCVersionGroup section */
	};
	rootObject = 153A06692C45A3FF00E3B646 /* Project object */;
}
